
Microsoft Visual Studio Solution File, Format Version 12.00
# Visual Studio Version 16
VisualStudioVersion = 16.0.29926.136
MinimumVisualStudioVersion = 10.0.40219.1
Project("{FAE04EC0-301F-11D3-BF4B-00C04F79EFBC}") = "CSVFileProcessor", "CSVFileProcessor\CSVFileProcessor.csproj", "{EABA5A06-26D9-4318-B5C9-9D5711D1EE6F}"
EndProject
Global
	GlobalSection(SolutionConfigurationPlatforms) = preSolution
		Debug|Any CPU = Debug|Any CPU
		Release|Any CPU = Release|Any CPU
	EndGlobalSection
	GlobalSection(ProjectConfigurationPlatforms) = postSolution
		{EABA5A06-26D9-4318-B5C9-9D5711D1EE6F}.Debug|Any CPU.ActiveCfg = Debug|Any CPU
		{EABA5A06-26D9-4318-B5C9-9D5711D1EE6F}.Debug|Any CPU.Build.0 = Debug|Any CPU
		{EABA5A06-26D9-4318-B5C9-9D5711D1EE6F}.Release|Any CPU.ActiveCfg = Release|Any CPU
		{EABA5A06-26D9-4318-B5C9-9D5711D1EE6F}.Release|Any CPU.Build.0 = Release|Any CPU
	EndGlobalSection
	GlobalSection(SolutionProperties) = preSolution
		HideSolutionNode = FALSE
	EndGlobalSection
	GlobalSection(ExtensibilityGlobals) = postSolution
		SolutionGuid = {EA622790-6B5B-4DC7-96AC-D7B25FD2C0AD}
	EndGlobalSection
EndGlobal
